
Microsoft Visual Studio Solution File, Format Version 12.00
# Visual Studio Version 16
VisualStudioVersion = 16.0.28922.388
MinimumVisualStudioVersion = 10.0.40219.1
Project("{FAE04EC0-301F-11D3-BF4B-00C04F79EFBC}") = "ProxyServer", "ProxyServer\ProxyServer.csproj", "{5F8EF7EB-42E0-4969-9018-1F5E1294AB1F}"
EndProject
Global
	GlobalSection(SolutionConfigurationPlatforms) = preSolution
		Debug|Any CPU = Debug|Any CPU
		Release|Any CPU = Release|Any CPU
	EndGlobalSection
	GlobalSection(ProjectConfigurationPlatforms) = postSolution
		{5F8EF7EB-42E0-4969-9018-1F5E1294AB1F}.Debug|Any CPU.ActiveCfg = Debug|Any CPU
		{5F8EF7EB-42E0-4969-9018-1F5E1294AB1F}.Debug|Any CPU.Build.0 = Debug|Any CPU
		{5F8EF7EB-42E0-4969-9018-1F5E1294AB1F}.Release|Any CPU.ActiveCfg = Release|Any CPU
		{5F8EF7EB-42E0-4969-9018-1F5E1294AB1F}.Release|Any CPU.Build.0 = Release|Any CPU
	EndGlobalSection
	GlobalSection(SolutionProperties) = preSolution
		HideSolutionNode = FALSE
	EndGlobalSection
	GlobalSection(ExtensibilityGlobals) = postSolution
		SolutionGuid = {84BCD0E7-54AD-4233-987D-FD14EB1DCB76}
	EndGlobalSection
EndGlobal
